
Microsoft Visual Studio Solution File, Format Version 12.00
# Visual Studio Version 16
VisualStudioVersion = 16.0.31515.178
MinimumVisualStudioVersion = 10.0.40219.1
Project("{FAE04EC0-301F-11D3-BF4B-00C04F79EFBC}") = "Practice_2", "Practice_2\Practice_2.csproj", "{E77F5146-13F0-439A-946E-0EFB39360BE2}"
EndProject
Project("{FAE04EC0-301F-11D3-BF4B-00C04F79EFBC}") = "Logic", "Logic\Logic.csproj", "{8C0923EF-C747-472A-9976-342C5E7366CE}"
EndProject
Global
	GlobalSection(SolutionConfigurationPlatforms) = preSolution
		Debug|Any CPU = Debug|Any CPU
		Release|Any CPU = Release|Any CPU
	EndGlobalSection
	GlobalSection(ProjectConfigurationPlatforms) = postSolution
		{E77F5146-13F0-439A-946E-0EFB39360BE2}.Debug|Any CPU.ActiveCfg = Debug|Any CPU
		{E77F5146-13F0-439A-946E-0EFB39360BE2}.Debug|Any CPU.Build.0 = Debug|Any CPU
		{E77F5146-13F0-439A-946E-0EFB39360BE2}.Release|Any CPU.ActiveCfg = Release|Any CPU
		{E77F5146-13F0-439A-946E-0EFB39360BE2}.Release|Any CPU.Build.0 = Release|Any CPU
		{8C0923EF-C747-472A-9976-342C5E7366CE}.Debug|Any CPU.ActiveCfg = Debug|Any CPU
		{8C0923EF-C747-472A-9976-342C5E7366CE}.Debug|Any CPU.Build.0 = Debug|Any CPU
		{8C0923EF-C747-472A-9976-342C5E7366CE}.Release|Any CPU.ActiveCfg = Release|Any CPU
		{8C0923EF-C747-472A-9976-342C5E7366CE}.Release|Any CPU.Build.0 = Release|Any CPU
	EndGlobalSection
	GlobalSection(SolutionProperties) = preSolution
		HideSolutionNode = FALSE
	EndGlobalSection
	GlobalSection(ExtensibilityGlobals) = postSolution
		SolutionGuid = {B45D917C-91FF-48BD-8269-BCA419DE2F3F}
	EndGlobalSection
EndGlobal
